
Microsoft Visual Studio Solution File, Format Version 12.00
# Visual Studio Version 17
VisualStudioVersion = 17.1.32228.430
MinimumVisualStudioVersion = 10.0.40219.1
Project("{E24C65DC-7377-472B-9ABA-BC803B73C61A}") = "unit5", "unit5\", "{62B60A21-4668-4B61-8874-C4C94D417AD3}"
	ProjectSection(WebsiteProperties) = preProject
		TargetFrameworkMoniker = ".NETFramework,Version%3Dv4.6.2"
		Debug.AspNetCompiler.VirtualPath = "/localhost_14241"
		Debug.AspNetCompiler.PhysicalPath = "unit5\"
		Debug.AspNetCompiler.TargetPath = "PrecompiledWeb\localhost_14241\"
		Debug.AspNetCompiler.Updateable = "true"
		Debug.AspNetCompiler.ForceOverwrite = "true"
		Debug.AspNetCompiler.FixedNames = "false"
		Debug.AspNetCompiler.Debug = "True"
		Release.AspNetCompiler.VirtualPath = "/localhost_14241"
		Release.AspNetCompiler.PhysicalPath = "unit5\"
		Release.AspNetCompiler.TargetPath = "PrecompiledWeb\localhost_14241\"
		Release.AspNetCompiler.Updateable = "true"
		Release.AspNetCompiler.ForceOverwrite = "true"
		Release.AspNetCompiler.FixedNames = "false"
		Release.AspNetCompiler.Debug = "False"
		VWDPort = "14241"
		SlnRelativePath = "unit5\"
		DefaultWebSiteLanguage = "Visual C#"
	EndProjectSection
EndProject
Global
	GlobalSection(SolutionConfigurationPlatforms) = preSolution
		Debug|Any CPU = Debug|Any CPU
	EndGlobalSection
	GlobalSection(ProjectConfigurationPlatforms) = postSolution
		{62B60A21-4668-4B61-8874-C4C94D417AD3}.Debug|Any CPU.ActiveCfg = Debug|Any CPU
		{62B60A21-4668-4B61-8874-C4C94D417AD3}.Debug|Any CPU.Build.0 = Debug|Any CPU
	EndGlobalSection
	GlobalSection(SolutionProperties) = preSolution
		HideSolutionNode = FALSE
	EndGlobalSection
	GlobalSection(ExtensibilityGlobals) = postSolution
		SolutionGuid = {6386D9BD-9B07-4FE1-8E93-E48EF58358F2}
	EndGlobalSection
EndGlobal
